<?xml version="1.0" encoding="utf-8"?>
<Project ToolsVersion="4.0" xmlns="http://schemas.microsoft.com/developer/msbuild/2003">
  <ItemGroup>
    <Filter Include="Resources">
      <UniqueIdentifier>{6e8052e0-8f21-47cb-956a-ee271db5a807}</UniqueIdentifier>
    </Filter>
    <Filter Include="0. Libs">
      <UniqueIdentifier>{46209f4b-1f6d-4997-9028-7fcb3787dbcb}</UniqueIdentifier>
    </Filter>
    <Filter Include="1. Header Files">
      <UniqueIdentifier>{93995380-89BD-4b04-88EB-625FBE52EBFB}</UniqueIdentifier>
      <Extensions>h;hh;hpp;hxx;h++;hm;inl;inc;ipp;xsd</Extensions>
    </Filter>
    <Filter Include="2. Preamble">
      <UniqueIdentifier>{4FC737F1-C7A5-4376-A066-2A32D752A2FF}</UniqueIdentifier>
      <Extensions>cpp;c;cc;cxx;c++;cppm;ixx;def;odl;idl;hpj;bat;asm;asmx</Extensions>
    </Filter>
    <Filter Include="3. Frame">
      <UniqueIdentifier>{4d38e0d2-dfa0-4389-a630-ae4e2197c414}</UniqueIdentifier>
    </Filter>
    <Filter Include="3. Frame\Data">
      <UniqueIdentifier>{d941bd14-4264-4ae0-826c-6baed1fb225b}</UniqueIdentifier>
    </Filter>
    <Filter Include="3. Frame\Flashpoint">
      <UniqueIdentifier>{ce33c8bb-3081-4ef0-a4b2-87abede924cd}</UniqueIdentifier>
    </Filter>
    <Filter Include="3. Frame\Hook">
      <UniqueIdentifier>{f9ae70c6-6270-4788-b4d5-52d97ae429a5}</UniqueIdentifier>
    </Filter>
    <Filter Include="3. Frame\Memory">
      <UniqueIdentifier>{6ea27a80-da30-4859-8408-9c42f21aaf0d}</UniqueIdentifier>
    </Filter>
    <Filter Include="4. Mods">
      <UniqueIdentifier>{ba1e4d0c-ecb4-4f6e-b8c6-8431740afa0f}</UniqueIdentifier>
    </Filter>
    <Filter Include="Resources\Markdown">
      <UniqueIdentifier>{3c212bbc-5868-4c09-9ded-b2081d3a68ab}</UniqueIdentifier>
    </Filter>
  </ItemGroup>
  <ItemGroup>
    <ClInclude Include="framework.h">
      <Filter>1. Header Files</Filter>
    </ClInclude>
    <ClInclude Include="pch.h">
      <Filter>1. Header Files</Filter>
    </ClInclude>
    <ClInclude Include="constants.h">
      <Filter>Resources</Filter>
    </ClInclude>
    <ClInclude Include="flashpoint.h">
      <Filter>3. Frame\Flashpoint</Filter>
    </ClInclude>
    <ClInclude Include="data.h">
      <Filter>3. Frame\Data</Filter>
    </ClInclude>
  </ItemGroup>
  <ItemGroup>
    <ClCompile Include="dllmain.cpp">
      <Filter>2. Preamble</Filter>
    </ClCompile>
    <ClCompile Include="pch.cpp">
      <Filter>2. Preamble</Filter>
    </ClCompile>
    <ClCompile Include="flashpoint.cpp">
      <Filter>3. Frame\Flashpoint</Filter>
    </ClCompile>
    <ClCompile Include="data.cpp">
      <Filter>3. Frame\Data</Filter>
    </ClCompile>
  </ItemGroup>
  <ItemGroup>
    <None Include="..\.gitignore">
      <Filter>Resources\Markdown</Filter>
    </None>
    <None Include="..\LICENSE">
      <Filter>Resources\Markdown</Filter>
    </None>
    <None Include="..\README.md">
      <Filter>Resources\Markdown</Filter>
    </None>
  </ItemGroup>
</Project>